<?xml version="1.0" encoding="utf-8"?>
<Project ToolsVersion="4.0" xmlns="http://schemas.microsoft.com/developer/msbuild/2003">
  <ItemGroup>
    <Filter Include="Source Files">
      <UniqueIdentifier>{4FC737F1-C7A5-4376-A066-2A32D752A2FF}</UniqueIdentifier>
      <Extensions>cpp;c;cc;cxx;def;odl;idl;hpj;bat;asm;asmx</Extensions>
    </Filter>
    <Filter Include="Header Files">
      <UniqueIdentifier>{93995380-89BD-4b04-88EB-625FBE52EBFB}</UniqueIdentifier>
      <Extensions>h;hh;hpp;hxx;hm;inl;inc;xsd</Extensions>
    </Filter>
    <Filter Include="Resource Files">
      <UniqueIdentifier>{67DA6AB6-F800-4c08-8B7A-83BB121AAD01}</UniqueIdentifier>
      <Extensions>rc;ico;cur;bmp;dlg;rc2;rct;bin;rgs;gif;jpg;jpeg;jpe;resx;tiff;tif;png;wav;mfcribbon-ms</Extensions>
    </Filter>
  </ItemGroup>
  <ItemGroup>
    <None Include="AnkiTerminal.ino" />
  </ItemGroup>
  <ItemGroup>
    <ClInclude Include="__vm\.AnkiTerminal.vsarduino.h">
      <Filter>Header Files</Filter>
    </ClInclude>
    <ClInclude Include="AbstractSelectFrame.h">
      <Filter>Header Files</Filter>
    </ClInclude>
    <ClInclude Include="AcceptDrawFrame.h">
      <Filter>Header Files</Filter>
    </ClInclude>
    <ClInclude Include="Buttons.h">
      <Filter>Header Files</Filter>
    </ClInclude>
    <ClInclude Include="ChooseDictionaryFrame.h">
      <Filter>Header Files</Filter>
    </ClInclude>
    <ClInclude Include="ChooseFileFrame.h">
      <Filter>Header Files</Filter>
    </ClInclude>
    <ClInclude Include="Config.h">
      <Filter>Header Files</Filter>
    </ClInclude>
    <ClInclude Include="ConfigurationFile.h">
      <Filter>Header Files</Filter>
    </ClInclude>
    <ClInclude Include="CSVSpecifications.h">
      <Filter>Header Files</Filter>
    </ClInclude>
    <ClInclude Include="Drawer.h">
      <Filter>Header Files</Filter>
    </ClInclude>
    <ClInclude Include="FileTools.h">
      <Filter>Header Files</Filter>
    </ClInclude>
    <ClInclude Include="Font.h">
      <Filter>Header Files</Filter>
    </ClInclude>
    <ClInclude Include="IFrameBase.h">
      <Filter>Header Files</Filter>
    </ClInclude>
    <ClInclude Include="LcdTools.h">
      <Filter>Header Files</Filter>
    </ClInclude>
    <ClInclude Include="LearnFlow.h">
      <Filter>Header Files</Filter>
    </ClInclude>
    <ClInclude Include="LFSR.h">
      <Filter>Header Files</Filter>
    </ClInclude>
    <ClInclude Include="MinLcd.h">
      <Filter>Header Files</Filter>
    </ClInclude>
    <ClInclude Include="RootFrame.h">
      <Filter>Header Files</Filter>
    </ClInclude>
    <ClInclude Include="SDCardTools.h">
      <Filter>Header Files</Filter>
    </ClInclude>
    <ClInclude Include="Session.h">
      <Filter>Header Files</Filter>
    </ClInclude>
    <ClInclude Include="Summary.h">
      <Filter>Header Files</Filter>
    </ClInclude>
    <ClInclude Include="Tools.h">
      <Filter>Header Files</Filter>
    </ClInclude>
    <ClInclude Include="ConfigurationData.h">
      <Filter>Header Files</Filter>
    </ClInclude>
    <ClInclude Include="ConfigurationFieldFrame.h">
      <Filter>Header Files</Filter>
    </ClInclude>
    <ClInclude Include="ConfigurationLineFrame.h">
      <Filter>Header Files</Filter>
    </ClInclude>
    <ClInclude Include="ChooseLangModeFrame.h">
      <Filter>Header Files</Filter>
    </ClInclude>
    <ClInclude Include="DrawConfigurationLineFrame.h">
      <Filter>Header Files</Filter>
    </ClInclude>
    <ClInclude Include="InstantEffectConfigurationFieldFrame.h">
      <Filter>Header Files</Filter>
    </ClInclude>
    <ClInclude Include="LcdConfigurationLineFrame.h">
      <Filter>Header Files</Filter>
    </ClInclude>
    <ClInclude Include="ResetConfigFrame.h">
      <Filter>Header Files</Filter>
    </ClInclude>
    <ClInclude Include="Lang.h">
      <Filter>Header Files</Filter>
    </ClInclude>
    <ClInclude Include="LangPL.h">
      <Filter>Header Files</Filter>
    </ClInclude>
    <ClInclude Include="YesNoAcceptFrame.h">
      <Filter>Header Files</Filter>
    </ClInclude>
    <ClInclude Include="ProgressFile.h">
      <Filter>Header Files</Filter>
    </ClInclude>
    <ClInclude Include="Shuffler.h">
      <Filter>Header Files</Filter>
    </ClInclude>
  </ItemGroup>
</Project>